
Microsoft Visual Studio Solution File, Format Version 12.00
# Visual Studio 15
Project("{FAE04EC0-301F-11D3-BF4B-00C04F79EFBC}") = "Assembly-CSharp", "Assembly-CSharp.csproj", "{BF3876AE-0081-BE78-82BE-99B611C0B9C1}"
EndProject
Project("{FAE04EC0-301F-11D3-BF4B-00C04F79EFBC}") = "Assembly-CSharp-Editor", "Assembly-CSharp-Editor.csproj", "{B7DA5637-A0BE-9180-1EAC-DEBF934B6CB8}"
EndProject
Global
	GlobalSection(SolutionConfigurationPlatforms) = preSolution
		Debug|Any CPU = Debug|Any CPU
		Release|Any CPU = Release|Any CPU
	EndGlobalSection
	GlobalSection(ProjectConfigurationPlatforms) = postSolution
		{BF3876AE-0081-BE78-82BE-99B611C0B9C1}.Debug|Any CPU.ActiveCfg = Debug|Any CPU
		{BF3876AE-0081-BE78-82BE-99B611C0B9C1}.Debug|Any CPU.Build.0 = Debug|Any CPU
		{BF3876AE-0081-BE78-82BE-99B611C0B9C1}.Release|Any CPU.ActiveCfg = Release|Any CPU
		{BF3876AE-0081-BE78-82BE-99B611C0B9C1}.Release|Any CPU.Build.0 = Release|Any CPU
		{B7DA5637-A0BE-9180-1EAC-DEBF934B6CB8}.Debug|Any CPU.ActiveCfg = Debug|Any CPU
		{B7DA5637-A0BE-9180-1EAC-DEBF934B6CB8}.Debug|Any CPU.Build.0 = Debug|Any CPU
		{B7DA5637-A0BE-9180-1EAC-DEBF934B6CB8}.Release|Any CPU.ActiveCfg = Release|Any CPU
		{B7DA5637-A0BE-9180-1EAC-DEBF934B6CB8}.Release|Any CPU.Build.0 = Release|Any CPU
	EndGlobalSection
	GlobalSection(SolutionProperties) = preSolution
		HideSolutionNode = FALSE
	EndGlobalSection
EndGlobal
